
Microsoft Visual Studio Solution File, Format Version 12.00
Project("{FAE04EC0-301F-11D3-BF4B-00C04F79EFBC}") = "Plugin", "Plugin\Plugin.csproj", "{C05BC845-31AB-4DE8-9B6F-1A097B14BE16}"
EndProject
Project("{FAE04EC0-301F-11D3-BF4B-00C04F79EFBC}") = "Base", "Base\Base.csproj", "{55DAF256-446A-45EB-A82A-E20CF68F43B8}"
EndProject
Project("{FAE04EC0-301F-11D3-BF4B-00C04F79EFBC}") = "PluginLoader", "PluginLoader\PluginLoader.csproj", "{B069236A-13B4-4DD4-A676-1D7E41572B2C}"
EndProject
Global
	GlobalSection(SolutionConfigurationPlatforms) = preSolution
		Debug|Any CPU = Debug|Any CPU
		Release|Any CPU = Release|Any CPU
	EndGlobalSection
	GlobalSection(ProjectConfigurationPlatforms) = postSolution
		{C05BC845-31AB-4DE8-9B6F-1A097B14BE16}.Debug|Any CPU.ActiveCfg = Debug|Any CPU
		{C05BC845-31AB-4DE8-9B6F-1A097B14BE16}.Debug|Any CPU.Build.0 = Debug|Any CPU
		{C05BC845-31AB-4DE8-9B6F-1A097B14BE16}.Release|Any CPU.ActiveCfg = Release|Any CPU
		{C05BC845-31AB-4DE8-9B6F-1A097B14BE16}.Release|Any CPU.Build.0 = Release|Any CPU
		{55DAF256-446A-45EB-A82A-E20CF68F43B8}.Debug|Any CPU.ActiveCfg = Debug|Any CPU
		{55DAF256-446A-45EB-A82A-E20CF68F43B8}.Debug|Any CPU.Build.0 = Debug|Any CPU
		{55DAF256-446A-45EB-A82A-E20CF68F43B8}.Release|Any CPU.ActiveCfg = Release|Any CPU
		{55DAF256-446A-45EB-A82A-E20CF68F43B8}.Release|Any CPU.Build.0 = Release|Any CPU
		{B069236A-13B4-4DD4-A676-1D7E41572B2C}.Debug|Any CPU.ActiveCfg = Debug|Any CPU
		{B069236A-13B4-4DD4-A676-1D7E41572B2C}.Debug|Any CPU.Build.0 = Debug|Any CPU
		{B069236A-13B4-4DD4-A676-1D7E41572B2C}.Release|Any CPU.ActiveCfg = Release|Any CPU
		{B069236A-13B4-4DD4-A676-1D7E41572B2C}.Release|Any CPU.Build.0 = Release|Any CPU
	EndGlobalSection
EndGlobal
